
Microsoft Visual Studio Solution File, Format Version 11.00
# Visual Studio 2010
Project("{FAE04EC0-301F-11D3-BF4B-00C04F79EFBC}") = "GreenGrub", "GreenGrub\GreenGrub.csproj", "{FE106BE2-6810-4717-8780-110425712A02}"
EndProject
Global
	GlobalSection(SolutionConfigurationPlatforms) = preSolution
		Debug|Any CPU = Debug|Any CPU
		Release|Any CPU = Release|Any CPU
	EndGlobalSection
	GlobalSection(ProjectConfigurationPlatforms) = postSolution
		{FE106BE2-6810-4717-8780-110425712A02}.Debug|Any CPU.ActiveCfg = Debug|Any CPU
		{FE106BE2-6810-4717-8780-110425712A02}.Debug|Any CPU.Build.0 = Debug|Any CPU
		{FE106BE2-6810-4717-8780-110425712A02}.Release|Any CPU.ActiveCfg = Release|Any CPU
		{FE106BE2-6810-4717-8780-110425712A02}.Release|Any CPU.Build.0 = Release|Any CPU
	EndGlobalSection
	GlobalSection(SolutionProperties) = preSolution
		HideSolutionNode = FALSE
	EndGlobalSection
EndGlobal
